
Microsoft Visual Studio Solution File, Format Version 12.00
# Visual Studio Version 16
VisualStudioVersion = 16.0.30011.22
MinimumVisualStudioVersion = 10.0.40219.1
Project("{FAE04EC0-301F-11D3-BF4B-00C04F79EFBC}") = "DiamDev.Give.Entities", "DiamDev.Give.Entities\DiamDev.Give.Entities.csproj", "{58830095-0940-4008-9495-2B71EC41758E}"
EndProject
Project("{FAE04EC0-301F-11D3-BF4B-00C04F79EFBC}") = "DiamDev.Give.DAL", "DiamDev.Give.DAL\DiamDev.Give.DAL.csproj", "{970FC862-F1CF-40D0-A78A-E30CF71EABCE}"
EndProject
Project("{FAE04EC0-301F-11D3-BF4B-00C04F79EFBC}") = "DiamDev.Give.BLL", "DiamDev.Give.BLL\DiamDev.Give.BLL.csproj", "{4EB43FE4-5329-48D6-AA2A-DE130C01B61F}"
EndProject
Project("{FAE04EC0-301F-11D3-BF4B-00C04F79EFBC}") = "DiamDev.Give.UI", "DiamDev.Give.UI\DiamDev.Give.UI.csproj", "{AC1811C4-A1AE-4068-8E83-1B28EDF90303}"
EndProject
Project("{2150E333-8FDC-42A3-9474-1A3956D46DE8}") = ".nuget", ".nuget", "{DAD9A08E-08E3-4737-9B72-947D48948B80}"
	ProjectSection(SolutionItems) = preProject
		.nuget\NuGet.Config = .nuget\NuGet.Config
		.nuget\NuGet.exe = .nuget\NuGet.exe
		.nuget\NuGet.targets = .nuget\NuGet.targets
		.nuget\packages.config = .nuget\packages.config
	EndProjectSection
EndProject
Project("{FAE04EC0-301F-11D3-BF4B-00C04F79EFBC}") = "DiamDev.Give.Sincronizador", "DiamDev.Give.Sincronizador\DiamDev.Give.Sincronizador.csproj", "{E49B1494-01B5-47A3-B64A-23327A20A823}"
EndProject
Global
	GlobalSection(SolutionConfigurationPlatforms) = preSolution
		Debug|Any CPU = Debug|Any CPU
		Release|Any CPU = Release|Any CPU
	EndGlobalSection
	GlobalSection(ProjectConfigurationPlatforms) = postSolution
		{58830095-0940-4008-9495-2B71EC41758E}.Debug|Any CPU.ActiveCfg = Debug|Any CPU
		{58830095-0940-4008-9495-2B71EC41758E}.Debug|Any CPU.Build.0 = Debug|Any CPU
		{58830095-0940-4008-9495-2B71EC41758E}.Release|Any CPU.ActiveCfg = Release|Any CPU
		{58830095-0940-4008-9495-2B71EC41758E}.Release|Any CPU.Build.0 = Release|Any CPU
		{970FC862-F1CF-40D0-A78A-E30CF71EABCE}.Debug|Any CPU.ActiveCfg = Debug|Any CPU
		{970FC862-F1CF-40D0-A78A-E30CF71EABCE}.Debug|Any CPU.Build.0 = Debug|Any CPU
		{970FC862-F1CF-40D0-A78A-E30CF71EABCE}.Release|Any CPU.ActiveCfg = Release|Any CPU
		{970FC862-F1CF-40D0-A78A-E30CF71EABCE}.Release|Any CPU.Build.0 = Release|Any CPU
		{4EB43FE4-5329-48D6-AA2A-DE130C01B61F}.Debug|Any CPU.ActiveCfg = Debug|Any CPU
		{4EB43FE4-5329-48D6-AA2A-DE130C01B61F}.Debug|Any CPU.Build.0 = Debug|Any CPU
		{4EB43FE4-5329-48D6-AA2A-DE130C01B61F}.Release|Any CPU.ActiveCfg = Release|Any CPU
		{4EB43FE4-5329-48D6-AA2A-DE130C01B61F}.Release|Any CPU.Build.0 = Release|Any CPU
		{AC1811C4-A1AE-4068-8E83-1B28EDF90303}.Debug|Any CPU.ActiveCfg = Debug|Any CPU
		{AC1811C4-A1AE-4068-8E83-1B28EDF90303}.Debug|Any CPU.Build.0 = Debug|Any CPU
		{AC1811C4-A1AE-4068-8E83-1B28EDF90303}.Release|Any CPU.ActiveCfg = Release|Any CPU
		{AC1811C4-A1AE-4068-8E83-1B28EDF90303}.Release|Any CPU.Build.0 = Release|Any CPU
		{E49B1494-01B5-47A3-B64A-23327A20A823}.Debug|Any CPU.ActiveCfg = Debug|Any CPU
		{E49B1494-01B5-47A3-B64A-23327A20A823}.Debug|Any CPU.Build.0 = Debug|Any CPU
		{E49B1494-01B5-47A3-B64A-23327A20A823}.Release|Any CPU.ActiveCfg = Release|Any CPU
		{E49B1494-01B5-47A3-B64A-23327A20A823}.Release|Any CPU.Build.0 = Release|Any CPU
	EndGlobalSection
	GlobalSection(SolutionProperties) = preSolution
		HideSolutionNode = FALSE
	EndGlobalSection
	GlobalSection(ExtensibilityGlobals) = postSolution
		SolutionGuid = {80445F78-43B6-45DF-B8F8-5BC1EF4A06BB}
	EndGlobalSection
EndGlobal
